
Microsoft Visual Studio Solution File, Format Version 12.00
# Visual Studio Version 16
VisualStudioVersion = 16.0.33328.57
MinimumVisualStudioVersion = 10.0.40219.1
Project("{FAE04EC0-301F-11D3-BF4B-00C04F79EFBC}") = "TextCombBoxUserControl", "TextCombBoxUserControl\TextCombBoxUserControl.csproj", "{AEF067CC-EB1C-47FF-8FB0-129BD93C8412}"
EndProject
Global
	GlobalSection(SolutionConfigurationPlatforms) = preSolution
		Debug|Any CPU = Debug|Any CPU
		Release|Any CPU = Release|Any CPU
	EndGlobalSection
	GlobalSection(ProjectConfigurationPlatforms) = postSolution
		{AEF067CC-EB1C-47FF-8FB0-129BD93C8412}.Debug|Any CPU.ActiveCfg = Debug|Any CPU
		{AEF067CC-EB1C-47FF-8FB0-129BD93C8412}.Debug|Any CPU.Build.0 = Debug|Any CPU
		{AEF067CC-EB1C-47FF-8FB0-129BD93C8412}.Release|Any CPU.ActiveCfg = Release|Any CPU
		{AEF067CC-EB1C-47FF-8FB0-129BD93C8412}.Release|Any CPU.Build.0 = Release|Any CPU
	EndGlobalSection
	GlobalSection(SolutionProperties) = preSolution
		HideSolutionNode = FALSE
	EndGlobalSection
	GlobalSection(ExtensibilityGlobals) = postSolution
		SolutionGuid = {6A4F9DC3-1278-4542-8F91-521FC5EDFEF7}
	EndGlobalSection
EndGlobal
